// !$*UTF8*$!
{
	archiveVersion = 1;
	classes = {
	};
	objectVersion = 46;
	objects = {

/* Begin PBXBuildFile section */
		322F5AAE1EEF8D1000E94033 /* AppDelegate.swift in Sources */ = {isa = PBXBuildFile; fileRef = 322F5AAD1EEF8D1000E94033 /* AppDelegate.swift */; };
		322F5AB51EEF8D1000E94033 /* Assets.xcassets in Resources */ = {isa = PBXBuildFile; fileRef = 322F5AB41EEF8D1000E94033 /* Assets.xcassets */; };
		322F5AB81EEF8D1000E94033 /* LaunchScreen.storyboard in Resources */ = {isa = PBXBuildFile; fileRef = 322F5AB61EEF8D1000E94033 /* LaunchScreen.storyboard */; };
		322F5AC31EEF8D1000E94033 /* TweetleDumbTests.swift in Sources */ = {isa = PBXBuildFile; fileRef = 322F5AC21EEF8D1000E94033 /* TweetleDumbTests.swift */; };
		322F5AD51EEF8EED00E94033 /* Network.swift in Sources */ = {isa = PBXBuildFile; fileRef = 322F5AD21EEF8EED00E94033 /* Network.swift */; };
		322F5AD61EEF8EED00E94033 /* NetworkRequest.swift in Sources */ = {isa = PBXBuildFile; fileRef = 322F5AD31EEF8EED00E94033 /* NetworkRequest.swift */; };
		322F5AD71EEF8EED00E94033 /* NetworkResponse.swift in Sources */ = {isa = PBXBuildFile; fileRef = 322F5AD41EEF8EED00E94033 /* NetworkResponse.swift */; };
		322F5ADA1EEF8FC000E94033 /* Result.swift in Sources */ = {isa = PBXBuildFile; fileRef = 322F5AD91EEF8FC000E94033 /* Result.swift */; };
		322F5ADC1EEF8FDC00E94033 /* ResultTests.swift in Sources */ = {isa = PBXBuildFile; fileRef = 322F5ADB1EEF8FDC00E94033 /* ResultTests.swift */; };
		322F5ADE1EEF906900E94033 /* Result+Tests.swift in Sources */ = {isa = PBXBuildFile; fileRef = 322F5ADD1EEF906900E94033 /* Result+Tests.swift */; };
		322F5AE01EEF90E700E94033 /* TestCommon.swift in Sources */ = {isa = PBXBuildFile; fileRef = 322F5ADF1EEF90E700E94033 /* TestCommon.swift */; };
		322F5AE51EEF95FA00E94033 /* MockNetwork.swift in Sources */ = {isa = PBXBuildFile; fileRef = 322F5AE41EEF95FA00E94033 /* MockNetwork.swift */; };
		322F5AE71EEF99FE00E94033 /* Collection+Random.swift in Sources */ = {isa = PBXBuildFile; fileRef = 322F5AE61EEF99FE00E94033 /* Collection+Random.swift */; };
		322F5AEB1EEFAA1100E94033 /* authentication.json in Resources */ = {isa = PBXBuildFile; fileRef = 322F5AEA1EEFAA1100E94033 /* authentication.json */; };
		322F5AF11EEFAB4C00E94033 /* Authenticator.swift in Sources */ = {isa = PBXBuildFile; fileRef = 322F5AEE1EEFAB4C00E94033 /* Authenticator.swift */; };
		322F5AF21EEFAB4C00E94033 /* MockTwitterAuthenticator.swift in Sources */ = {isa = PBXBuildFile; fileRef = 322F5AEF1EEFAB4C00E94033 /* MockTwitterAuthenticator.swift */; };
		322F5AF51EEFABA100E94033 /* API.swift in Sources */ = {isa = PBXBuildFile; fileRef = 322F5AF41EEFABA100E94033 /* API.swift */; };
		322F5AF71EEFABEC00E94033 /* APIRequest.swift in Sources */ = {isa = PBXBuildFile; fileRef = 322F5AF61EEFABEC00E94033 /* APIRequest.swift */; };
		322F5AFD1EEFACCA00E94033 /* User.swift in Sources */ = {isa = PBXBuildFile; fileRef = 322F5AFC1EEFACCA00E94033 /* User.swift */; };
		322F5B021EEFB35E00E94033 /* NetworkResponseTests.swift in Sources */ = {isa = PBXBuildFile; fileRef = 322F5B001EEFB29F00E94033 /* NetworkResponseTests.swift */; };
		322F5B181EEFB81900E94033 /* KeyPathAccessible+Array.swift in Sources */ = {isa = PBXBuildFile; fileRef = 322F5B141EEFB81900E94033 /* KeyPathAccessible+Array.swift */; };
		322F5B191EEFB81900E94033 /* KeyPathAccessible+Dictionary.swift in Sources */ = {isa = PBXBuildFile; fileRef = 322F5B151EEFB81900E94033 /* KeyPathAccessible+Dictionary.swift */; };
		322F5B1A1EEFB81900E94033 /* KeyPathAccessible.swift in Sources */ = {isa = PBXBuildFile; fileRef = 322F5B161EEFB81900E94033 /* KeyPathAccessible.swift */; };
		322F5B1B1EEFB81900E94033 /* KeyPathComponent.swift in Sources */ = {isa = PBXBuildFile; fileRef = 322F5B171EEFB81900E94033 /* KeyPathComponent.swift */; };
		322F5B1D1EEFB97D00E94033 /* KeyPathAccessibleArrayTests.swift in Sources */ = {isa = PBXBuildFile; fileRef = 322F5B1C1EEFB97D00E94033 /* KeyPathAccessibleArrayTests.swift */; };
		322F5B1F1EEFC1AF00E94033 /* KeyPathAccessibleDictionaryTests.swift in Sources */ = {isa = PBXBuildFile; fileRef = 322F5B1E1EEFC1AF00E94033 /* KeyPathAccessibleDictionaryTests.swift */; };
		322F5B211EEFC48F00E94033 /* KeyPathAccessibleTests.swift in Sources */ = {isa = PBXBuildFile; fileRef = 322F5B201EEFC48F00E94033 /* KeyPathAccessibleTests.swift */; };
		322F5B271EEFD0C300E94033 /* Authentication.swift in Sources */ = {isa = PBXBuildFile; fileRef = 322F5B261EEFD0C300E94033 /* Authentication.swift */; };
		322F5B411EF0959E00E94033 /* DataRepresentable.swift in Sources */ = {isa = PBXBuildFile; fileRef = 322F5B401EF0959E00E94033 /* DataRepresentable.swift */; };
		322F5B471EF099AF00E94033 /* AuthenticationRequest.swift in Sources */ = {isa = PBXBuildFile; fileRef = 322F5B461EF099AF00E94033 /* AuthenticationRequest.swift */; };
/* End PBXBuildFile section */

/* Begin PBXContainerItemProxy section */
		322F5ABF1EEF8D1000E94033 /* PBXContainerItemProxy */ = {
			isa = PBXContainerItemProxy;
			containerPortal = 322F5AA21EEF8D1000E94033 /* Project object */;
			proxyType = 1;
			remoteGlobalIDString = 322F5AA91EEF8D1000E94033;
			remoteInfo = TweetleDumb;
		};
/* End PBXContainerItemProxy section */

/* Begin PBXFileReference section */
		322F5AAA1EEF8D1000E94033 /* TweetleDumb.app */ = {isa = PBXFileReference; explicitFileType = wrapper.application; includeInIndex = 0; path = TweetleDumb.app; sourceTree = BUILT_PRODUCTS_DIR; };
		322F5AAD1EEF8D1000E94033 /* AppDelegate.swift */ = {isa = PBXFileReference; lastKnownFileType = sourcecode.swift; path = AppDelegate.swift; sourceTree = "<group>"; };
		322F5AB41EEF8D1000E94033 /* Assets.xcassets */ = {isa = PBXFileReference; lastKnownFileType = folder.assetcatalog; path = Assets.xcassets; sourceTree = "<group>"; };
		322F5AB71EEF8D1000E94033 /* Base */ = {isa = PBXFileReference; lastKnownFileType = file.storyboard; name = Base; path = Base.lproj/LaunchScreen.storyboard; sourceTree = "<group>"; };
		322F5AB91EEF8D1000E94033 /* Info.plist */ = {isa = PBXFileReference; lastKnownFileType = text.plist.xml; path = Info.plist; sourceTree = "<group>"; };
		322F5ABE1EEF8D1000E94033 /* TweetleDumbTests.xctest */ = {isa = PBXFileReference; explicitFileType = wrapper.cfbundle; includeInIndex = 0; path = TweetleDumbTests.xctest; sourceTree = BUILT_PRODUCTS_DIR; };
		322F5AC21EEF8D1000E94033 /* TweetleDumbTests.swift */ = {isa = PBXFileReference; lastKnownFileType = sourcecode.swift; path = TweetleDumbTests.swift; sourceTree = "<group>"; };
		322F5AC41EEF8D1000E94033 /* Info.plist */ = {isa = PBXFileReference; lastKnownFileType = text.plist.xml; path = Info.plist; sourceTree = "<group>"; };
		322F5AD21EEF8EED00E94033 /* Network.swift */ = {isa = PBXFileReference; fileEncoding = 4; lastKnownFileType = sourcecode.swift; path = Network.swift; sourceTree = "<group>"; };
		322F5AD31EEF8EED00E94033 /* NetworkRequest.swift */ = {isa = PBXFileReference; fileEncoding = 4; lastKnownFileType = sourcecode.swift; path = NetworkRequest.swift; sourceTree = "<group>"; };
		322F5AD41EEF8EED00E94033 /* NetworkResponse.swift */ = {isa = PBXFileReference; fileEncoding = 4; lastKnownFileType = sourcecode.swift; path = NetworkResponse.swift; sourceTree = "<group>"; };
		322F5AD91EEF8FC000E94033 /* Result.swift */ = {isa = PBXFileReference; fileEncoding = 4; lastKnownFileType = sourcecode.swift; path = Result.swift; sourceTree = "<group>"; };
		322F5ADB1EEF8FDC00E94033 /* ResultTests.swift */ = {isa = PBXFileReference; fileEncoding = 4; lastKnownFileType = sourcecode.swift; path = ResultTests.swift; sourceTree = "<group>"; };
		322F5ADD1EEF906900E94033 /* Result+Tests.swift */ = {isa = PBXFileReference; fileEncoding = 4; lastKnownFileType = sourcecode.swift; path = "Result+Tests.swift"; sourceTree = "<group>"; };
		322F5ADF1EEF90E700E94033 /* TestCommon.swift */ = {isa = PBXFileReference; fileEncoding = 4; lastKnownFileType = sourcecode.swift; path = TestCommon.swift; sourceTree = "<group>"; };
		322F5AE41EEF95FA00E94033 /* MockNetwork.swift */ = {isa = PBXFileReference; fileEncoding = 4; lastKnownFileType = sourcecode.swift; path = MockNetwork.swift; sourceTree = "<group>"; };
		322F5AE61EEF99FE00E94033 /* Collection+Random.swift */ = {isa = PBXFileReference; fileEncoding = 4; lastKnownFileType = sourcecode.swift; path = "Collection+Random.swift"; sourceTree = "<group>"; };
		322F5AEA1EEFAA1100E94033 /* authentication.json */ = {isa = PBXFileReference; fileEncoding = 4; lastKnownFileType = text.json; path = authentication.json; sourceTree = "<group>"; };
		322F5AEE1EEFAB4C00E94033 /* Authenticator.swift */ = {isa = PBXFileReference; fileEncoding = 4; lastKnownFileType = sourcecode.swift; path = Authenticator.swift; sourceTree = "<group>"; };
		322F5AEF1EEFAB4C00E94033 /* MockTwitterAuthenticator.swift */ = {isa = PBXFileReference; fileEncoding = 4; lastKnownFileType = sourcecode.swift; path = MockTwitterAuthenticator.swift; sourceTree = "<group>"; };
		322F5AF41EEFABA100E94033 /* API.swift */ = {isa = PBXFileReference; fileEncoding = 4; lastKnownFileType = sourcecode.swift; path = API.swift; sourceTree = "<group>"; };
		322F5AF61EEFABEC00E94033 /* APIRequest.swift */ = {isa = PBXFileReference; fileEncoding = 4; lastKnownFileType = sourcecode.swift; path = APIRequest.swift; sourceTree = "<group>"; };
		322F5AFC1EEFACCA00E94033 /* User.swift */ = {isa = PBXFileReference; fileEncoding = 4; lastKnownFileType = sourcecode.swift; path = User.swift; sourceTree = "<group>"; };
		322F5B001EEFB29F00E94033 /* NetworkResponseTests.swift */ = {isa = PBXFileReference; fileEncoding = 4; lastKnownFileType = sourcecode.swift; path = NetworkResponseTests.swift; sourceTree = "<group>"; };
		322F5B141EEFB81900E94033 /* KeyPathAccessible+Array.swift */ = {isa = PBXFileReference; fileEncoding = 4; lastKnownFileType = sourcecode.swift; path = "KeyPathAccessible+Array.swift"; sourceTree = "<group>"; };
		322F5B151EEFB81900E94033 /* KeyPathAccessible+Dictionary.swift */ = {isa = PBXFileReference; fileEncoding = 4; lastKnownFileType = sourcecode.swift; path = "KeyPathAccessible+Dictionary.swift"; sourceTree = "<group>"; };
		322F5B161EEFB81900E94033 /* KeyPathAccessible.swift */ = {isa = PBXFileReference; fileEncoding = 4; lastKnownFileType = sourcecode.swift; path = KeyPathAccessible.swift; sourceTree = "<group>"; };
		322F5B171EEFB81900E94033 /* KeyPathComponent.swift */ = {isa = PBXFileReference; fileEncoding = 4; lastKnownFileType = sourcecode.swift; path = KeyPathComponent.swift; sourceTree = "<group>"; };
		322F5B1C1EEFB97D00E94033 /* KeyPathAccessibleArrayTests.swift */ = {isa = PBXFileReference; fileEncoding = 4; lastKnownFileType = sourcecode.swift; path = KeyPathAccessibleArrayTests.swift; sourceTree = "<group>"; };
		322F5B1E1EEFC1AF00E94033 /* KeyPathAccessibleDictionaryTests.swift */ = {isa = PBXFileReference; fileEncoding = 4; lastKnownFileType = sourcecode.swift; path = KeyPathAccessibleDictionaryTests.swift; sourceTree = "<group>"; };
		322F5B201EEFC48F00E94033 /* KeyPathAccessibleTests.swift */ = {isa = PBXFileReference; fileEncoding = 4; lastKnownFileType = sourcecode.swift; path = KeyPathAccessibleTests.swift; sourceTree = "<group>"; };
		322F5B261EEFD0C300E94033 /* Authentication.swift */ = {isa = PBXFileReference; fileEncoding = 4; lastKnownFileType = sourcecode.swift; path = Authentication.swift; sourceTree = "<group>"; };
		322F5B401EF0959E00E94033 /* DataRepresentable.swift */ = {isa = PBXFileReference; fileEncoding = 4; lastKnownFileType = sourcecode.swift; path = DataRepresentable.swift; sourceTree = "<group>"; };
		322F5B461EF099AF00E94033 /* AuthenticationRequest.swift */ = {isa = PBXFileReference; fileEncoding = 4; lastKnownFileType = sourcecode.swift; path = AuthenticationRequest.swift; sourceTree = "<group>"; };
/* End PBXFileReference section */

/* Begin PBXFrameworksBuildPhase section */
		322F5AA71EEF8D1000E94033 /* Frameworks */ = {
			isa = PBXFrameworksBuildPhase;
			buildActionMask = 2147483647;
			files = (
			);
			runOnlyForDeploymentPostprocessing = 0;
		};
		322F5ABB1EEF8D1000E94033 /* Frameworks */ = {
			isa = PBXFrameworksBuildPhase;
			buildActionMask = 2147483647;
			files = (
			);
			runOnlyForDeploymentPostprocessing = 0;
		};
/* End PBXFrameworksBuildPhase section */

/* Begin PBXGroup section */
		322F5AA11EEF8D1000E94033 = {
			isa = PBXGroup;
			children = (
				322F5AAC1EEF8D1000E94033 /* TweetleDumb */,
				322F5AC11EEF8D1000E94033 /* TweetleDumbTests */,
				322F5AAB1EEF8D1000E94033 /* Products */,
			);
			sourceTree = "<group>";
		};
		322F5AAB1EEF8D1000E94033 /* Products */ = {
			isa = PBXGroup;
			children = (
				322F5AAA1EEF8D1000E94033 /* TweetleDumb.app */,
				322F5ABE1EEF8D1000E94033 /* TweetleDumbTests.xctest */,
			);
			name = Products;
			sourceTree = "<group>";
		};
		322F5AAC1EEF8D1000E94033 /* TweetleDumb */ = {
			isa = PBXGroup;
			children = (
				322F5AFB1EEFACA900E94033 /* Models */,
				322F5AD01EEF8EE500E94033 /* Services */,
				322F5ACD1EEF8ED500E94033 /* Utilities */,
				322F5AAD1EEF8D1000E94033 /* AppDelegate.swift */,
				322F5AB41EEF8D1000E94033 /* Assets.xcassets */,
				322F5AB61EEF8D1000E94033 /* LaunchScreen.storyboard */,
				322F5AB91EEF8D1000E94033 /* Info.plist */,
			);
			path = TweetleDumb;
			sourceTree = "<group>";
		};
		322F5AC11EEF8D1000E94033 /* TweetleDumbTests */ = {
			isa = PBXGroup;
			children = (
				322F5AC41EEF8D1000E94033 /* Info.plist */,
				322F5ADD1EEF906900E94033 /* Result+Tests.swift */,
				322F5ADF1EEF90E700E94033 /* TestCommon.swift */,
				322F5AC21EEF8D1000E94033 /* TweetleDumbTests.swift */,
			);
			path = TweetleDumbTests;
			sourceTree = "<group>";
		};
		322F5ACD1EEF8ED500E94033 /* Utilities */ = {
			isa = PBXGroup;
			children = (
				322F5B131EEFB81900E94033 /* KeyPathAccessible */,
				322F5AD81EEF8FB000E94033 /* Result */,
				322F5AE61EEF99FE00E94033 /* Collection+Random.swift */,
			);
			path = Utilities;
			sourceTree = "<group>";
		};
		322F5AD01EEF8EE500E94033 /* Services */ = {
			isa = PBXGroup;
			children = (
				322F5AF31EEFAB7300E94033 /* API */,
				322F5AEC1EEFAB4C00E94033 /* Authentication */,
				322F5AD11EEF8EED00E94033 /* Network */,
			);
			path = Services;
			sourceTree = "<group>";
		};
		322F5AD11EEF8EED00E94033 /* Network */ = {
			isa = PBXGroup;
			children = (
				322F5AE31EEF95EE00E94033 /* MockNetwork */,
				322F5AD21EEF8EED00E94033 /* Network.swift */,
				322F5AD31EEF8EED00E94033 /* NetworkRequest.swift */,
				322F5AD41EEF8EED00E94033 /* NetworkResponse.swift */,
				322F5B001EEFB29F00E94033 /* NetworkResponseTests.swift */,
				322F5B401EF0959E00E94033 /* DataRepresentable.swift */,
			);
			path = Network;
			sourceTree = "<group>";
		};
		322F5AD81EEF8FB000E94033 /* Result */ = {
			isa = PBXGroup;
			children = (
				322F5AD91EEF8FC000E94033 /* Result.swift */,
				322F5ADB1EEF8FDC00E94033 /* ResultTests.swift */,
			);
			path = Result;
			sourceTree = "<group>";
		};
		322F5AE31EEF95EE00E94033 /* MockNetwork */ = {
			isa = PBXGroup;
			children = (
				322F5AE41EEF95FA00E94033 /* MockNetwork.swift */,
				322F5AEA1EEFAA1100E94033 /* authentication.json */,
			);
			path = MockNetwork;
			sourceTree = "<group>";
		};
		322F5AEC1EEFAB4C00E94033 /* Authentication */ = {
			isa = PBXGroup;
			children = (
				322F5AEE1EEFAB4C00E94033 /* Authenticator.swift */,
				322F5AEF1EEFAB4C00E94033 /* MockTwitterAuthenticator.swift */,
			);
			path = Authentication;
			sourceTree = "<group>";
		};
		322F5AF31EEFAB7300E94033 /* API */ = {
			isa = PBXGroup;
			children = (
				322F5B451EF099AF00E94033 /* Requests */,
				322F5AF41EEFABA100E94033 /* API.swift */,
				322F5AF61EEFABEC00E94033 /* APIRequest.swift */,
			);
			path = API;
			sourceTree = "<group>";
		};
		322F5AFB1EEFACA900E94033 /* Models */ = {
			isa = PBXGroup;
			children = (
				322F5B261EEFD0C300E94033 /* Authentication.swift */,
				322F5AFC1EEFACCA00E94033 /* User.swift */,
			);
			path = Models;
			sourceTree = "<group>";
		};
		322F5B131EEFB81900E94033 /* KeyPathAccessible */ = {
			isa = PBXGroup;
			children = (
				322F5B141EEFB81900E94033 /* KeyPathAccessible+Array.swift */,
				322F5B1C1EEFB97D00E94033 /* KeyPathAccessibleArrayTests.swift */,
				322F5B151EEFB81900E94033 /* KeyPathAccessible+Dictionary.swift */,
				322F5B1E1EEFC1AF00E94033 /* KeyPathAccessibleDictionaryTests.swift */,
				322F5B161EEFB81900E94033 /* KeyPathAccessible.swift */,
				322F5B201EEFC48F00E94033 /* KeyPathAccessibleTests.swift */,
				322F5B171EEFB81900E94033 /* KeyPathComponent.swift */,
			);
			path = KeyPathAccessible;
			sourceTree = "<group>";
		};
		322F5B451EF099AF00E94033 /* Requests */ = {
			isa = PBXGroup;
			children = (
				322F5B461EF099AF00E94033 /* AuthenticationRequest.swift */,
			);
			path = Requests;
			sourceTree = "<group>";
		};
/* End PBXGroup section */

/* Begin PBXNativeTarget section */
		322F5AA91EEF8D1000E94033 /* TweetleDumb */ = {
			isa = PBXNativeTarget;
			buildConfigurationList = 322F5AC71EEF8D1000E94033 /* Build configuration list for PBXNativeTarget "TweetleDumb" */;
			buildPhases = (
				322F5AA61EEF8D1000E94033 /* Sources */,
				322F5AA71EEF8D1000E94033 /* Frameworks */,
				322F5AA81EEF8D1000E94033 /* Resources */,
			);
			buildRules = (
			);
			dependencies = (
			);
			name = TweetleDumb;
			productName = TweetleDumb;
			productReference = 322F5AAA1EEF8D1000E94033 /* TweetleDumb.app */;
			productType = "com.apple.product-type.application";
		};
		322F5ABD1EEF8D1000E94033 /* TweetleDumbTests */ = {
			isa = PBXNativeTarget;
			buildConfigurationList = 322F5ACA1EEF8D1000E94033 /* Build configuration list for PBXNativeTarget "TweetleDumbTests" */;
			buildPhases = (
				322F5ABA1EEF8D1000E94033 /* Sources */,
				322F5ABB1EEF8D1000E94033 /* Frameworks */,
				322F5ABC1EEF8D1000E94033 /* Resources */,
			);
			buildRules = (
			);
			dependencies = (
				322F5AC01EEF8D1000E94033 /* PBXTargetDependency */,
			);
			name = TweetleDumbTests;
			productName = TweetleDumbTests;
			productReference = 322F5ABE1EEF8D1000E94033 /* TweetleDumbTests.xctest */;
			productType = "com.apple.product-type.bundle.unit-test";
		};
/* End PBXNativeTarget section */

/* Begin PBXProject section */
		322F5AA21EEF8D1000E94033 /* Project object */ = {
			isa = PBXProject;
			attributes = {
				LastSwiftUpdateCheck = 0830;
				LastUpgradeCheck = 0830;
				ORGANIZATIONNAME = Mustard;
				TargetAttributes = {
					322F5AA91EEF8D1000E94033 = {
						CreatedOnToolsVersion = 8.3.2;
						DevelopmentTeam = VLYBQY25EM;
						ProvisioningStyle = Automatic;
					};
					322F5ABD1EEF8D1000E94033 = {
						CreatedOnToolsVersion = 8.3.2;
						DevelopmentTeam = VLYBQY25EM;
						ProvisioningStyle = Automatic;
						TestTargetID = 322F5AA91EEF8D1000E94033;
					};
				};
			};
			buildConfigurationList = 322F5AA51EEF8D1000E94033 /* Build configuration list for PBXProject "TweetleDumb" */;
			compatibilityVersion = "Xcode 3.2";
			developmentRegion = English;
			hasScannedForEncodings = 0;
			knownRegions = (
				en,
				Base,
			);
			mainGroup = 322F5AA11EEF8D1000E94033;
			productRefGroup = 322F5AAB1EEF8D1000E94033 /* Products */;
			projectDirPath = "";
			projectRoot = "";
			targets = (
				322F5AA91EEF8D1000E94033 /* TweetleDumb */,
				322F5ABD1EEF8D1000E94033 /* TweetleDumbTests */,
			);
		};
/* End PBXProject section */

/* Begin PBXResourcesBuildPhase section */
		322F5AA81EEF8D1000E94033 /* Resources */ = {
			isa = PBXResourcesBuildPhase;
			buildActionMask = 2147483647;
			files = (
				322F5AEB1EEFAA1100E94033 /* authentication.json in Resources */,
				322F5AB81EEF8D1000E94033 /* LaunchScreen.storyboard in Resources */,
				322F5AB51EEF8D1000E94033 /* Assets.xcassets in Resources */,
			);
			runOnlyForDeploymentPostprocessing = 0;
		};
		322F5ABC1EEF8D1000E94033 /* Resources */ = {
			isa = PBXResourcesBuildPhase;
			buildActionMask = 2147483647;
			files = (
			);
			runOnlyForDeploymentPostprocessing = 0;
		};
/* End PBXResourcesBuildPhase section */

/* Begin PBXSourcesBuildPhase section */
		322F5AA61EEF8D1000E94033 /* Sources */ = {
			isa = PBXSourcesBuildPhase;
			buildActionMask = 2147483647;
			files = (
				322F5B181EEFB81900E94033 /* KeyPathAccessible+Array.swift in Sources */,
				322F5B1B1EEFB81900E94033 /* KeyPathComponent.swift in Sources */,
				322F5AF51EEFABA100E94033 /* API.swift in Sources */,
				322F5B471EF099AF00E94033 /* AuthenticationRequest.swift in Sources */,
				322F5AE51EEF95FA00E94033 /* MockNetwork.swift in Sources */,
				322F5AF21EEFAB4C00E94033 /* MockTwitterAuthenticator.swift in Sources */,
				322F5AD71EEF8EED00E94033 /* NetworkResponse.swift in Sources */,
				322F5ADA1EEF8FC000E94033 /* Result.swift in Sources */,
				322F5AAE1EEF8D1000E94033 /* AppDelegate.swift in Sources */,
				322F5B1A1EEFB81900E94033 /* KeyPathAccessible.swift in Sources */,
				322F5AFD1EEFACCA00E94033 /* User.swift in Sources */,
				322F5B271EEFD0C300E94033 /* Authentication.swift in Sources */,
				322F5AD61EEF8EED00E94033 /* NetworkRequest.swift in Sources */,
				322F5B411EF0959E00E94033 /* DataRepresentable.swift in Sources */,
				322F5B191EEFB81900E94033 /* KeyPathAccessible+Dictionary.swift in Sources */,
				322F5AE71EEF99FE00E94033 /* Collection+Random.swift in Sources */,
				322F5AD51EEF8EED00E94033 /* Network.swift in Sources */,
				322F5AF71EEFABEC00E94033 /* APIRequest.swift in Sources */,
				322F5AF11EEFAB4C00E94033 /* Authenticator.swift in Sources */,
			);
			runOnlyForDeploymentPostprocessing = 0;
		};
		322F5ABA1EEF8D1000E94033 /* Sources */ = {
			isa = PBXSourcesBuildPhase;
			buildActionMask = 2147483647;
			files = (
				322F5B021EEFB35E00E94033 /* NetworkResponseTests.swift in Sources */,
				322F5B1F1EEFC1AF00E94033 /* KeyPathAccessibleDictionaryTests.swift in Sources */,
				322F5AE01EEF90E700E94033 /* TestCommon.swift in Sources */,
				322F5B1D1EEFB97D00E94033 /* KeyPathAccessibleArrayTests.swift in Sources */,
				322F5ADC1EEF8FDC00E94033 /* ResultTests.swift in Sources */,
				322F5ADE1EEF906900E94033 /* Result+Tests.swift in Sources */,
				322F5B211EEFC48F00E94033 /* KeyPathAccessibleTests.swift in Sources */,
				322F5AC31EEF8D1000E94033 /* TweetleDumbTests.swift in Sources */,
			);
			runOnlyForDeploymentPostprocessing = 0;
		};
/* End PBXSourcesBuildPhase section */

/* Begin PBXTargetDependency section */
		322F5AC01EEF8D1000E94033 /* PBXTargetDependency */ = {
			isa = PBXTargetDependency;
			target = 322F5AA91EEF8D1000E94033 /* TweetleDumb */;
			targetProxy = 322F5ABF1EEF8D1000E94033 /* PBXContainerItemProxy */;
		};
/* End PBXTargetDependency section */

/* Begin PBXVariantGroup section */
		322F5AB61EEF8D1000E94033 /* LaunchScreen.storyboard */ = {
			isa = PBXVariantGroup;
			children = (
				322F5AB71EEF8D1000E94033 /* Base */,
			);
			name = LaunchScreen.storyboard;
			sourceTree = "<group>";
		};
/* End PBXVariantGroup section */

/* Begin XCBuildConfiguration section */
		322F5AC51EEF8D1000E94033 /* Debug */ = {
			isa = XCBuildConfiguration;
			buildSettings = {
				ALWAYS_SEARCH_USER_PATHS = NO;
				CLANG_ANALYZER_NONNULL = YES;
				CLANG_ANALYZER_NUMBER_OBJECT_CONVERSION = YES_AGGRESSIVE;
				CLANG_CXX_LANGUAGE_STANDARD = "gnu++0x";
				CLANG_CXX_LIBRARY = "libc++";
				CLANG_ENABLE_MODULES = YES;
				CLANG_ENABLE_OBJC_ARC = YES;
				CLANG_WARN_BOOL_CONVERSION = YES;
				CLANG_WARN_CONSTANT_CONVERSION = YES;
				CLANG_WARN_DIRECT_OBJC_ISA_USAGE = YES_ERROR;
				CLANG_WARN_DOCUMENTATION_COMMENTS = YES;
				CLANG_WARN_EMPTY_BODY = YES;
				CLANG_WARN_ENUM_CONVERSION = YES;
				CLANG_WARN_INFINITE_RECURSION = YES;
				CLANG_WARN_INT_CONVERSION = YES;
				CLANG_WARN_OBJC_ROOT_CLASS = YES_ERROR;
				CLANG_WARN_SUSPICIOUS_MOVE = YES;
				CLANG_WARN_UNREACHABLE_CODE = YES;
				CLANG_WARN__DUPLICATE_METHOD_MATCH = YES;
				"CODE_SIGN_IDENTITY[sdk=iphoneos*]" = "iPhone Developer";
				COPY_PHASE_STRIP = NO;
				DEBUG_INFORMATION_FORMAT = dwarf;
				ENABLE_STRICT_OBJC_MSGSEND = YES;
				ENABLE_TESTABILITY = YES;
				GCC_C_LANGUAGE_STANDARD = gnu99;
				GCC_DYNAMIC_NO_PIC = NO;
				GCC_NO_COMMON_BLOCKS = YES;
				GCC_OPTIMIZATION_LEVEL = 0;
				GCC_PREPROCESSOR_DEFINITIONS = (
					"DEBUG=1",
					"$(inherited)",
				);
				GCC_WARN_64_TO_32_BIT_CONVERSION = YES;
				GCC_WARN_ABOUT_RETURN_TYPE = YES_ERROR;
				GCC_WARN_UNDECLARED_SELECTOR = YES;
				GCC_WARN_UNINITIALIZED_AUTOS = YES_AGGRESSIVE;
				GCC_WARN_UNUSED_FUNCTION = YES;
				GCC_WARN_UNUSED_VARIABLE = YES;
				IPHONEOS_DEPLOYMENT_TARGET = 10.3;
				MTL_ENABLE_DEBUG_INFO = YES;
				ONLY_ACTIVE_ARCH = YES;
				SDKROOT = iphoneos;
				SWIFT_ACTIVE_COMPILATION_CONDITIONS = DEBUG;
				SWIFT_OPTIMIZATION_LEVEL = "-Onone";
			};
			name = Debug;
		};
		322F5AC61EEF8D1000E94033 /* Release */ = {
			isa = XCBuildConfiguration;
			buildSettings = {
				ALWAYS_SEARCH_USER_PATHS = NO;
				CLANG_ANALYZER_NONNULL = YES;
				CLANG_ANALYZER_NUMBER_OBJECT_CONVERSION = YES_AGGRESSIVE;
				CLANG_CXX_LANGUAGE_STANDARD = "gnu++0x";
				CLANG_CXX_LIBRARY = "libc++";
				CLANG_ENABLE_MODULES = YES;
				CLANG_ENABLE_OBJC_ARC = YES;
				CLANG_WARN_BOOL_CONVERSION = YES;
				CLANG_WARN_CONSTANT_CONVERSION = YES;
				CLANG_WARN_DIRECT_OBJC_ISA_USAGE = YES_ERROR;
				CLANG_WARN_DOCUMENTATION_COMMENTS = YES;
				CLANG_WARN_EMPTY_BODY = YES;
				CLANG_WARN_ENUM_CONVERSION = YES;
				CLANG_WARN_INFINITE_RECURSION = YES;
				CLANG_WARN_INT_CONVERSION = YES;
				CLANG_WARN_OBJC_ROOT_CLASS = YES_ERROR;
				CLANG_WARN_SUSPICIOUS_MOVE = YES;
				CLANG_WARN_UNREACHABLE_CODE = YES;
				CLANG_WARN__DUPLICATE_METHOD_MATCH = YES;
				"CODE_SIGN_IDENTITY[sdk=iphoneos*]" = "iPhone Developer";
				COPY_PHASE_STRIP = NO;
				DEBUG_INFORMATION_FORMAT = "dwarf-with-dsym";
				ENABLE_NS_ASSERTIONS = NO;
				ENABLE_STRICT_OBJC_MSGSEND = YES;
				GCC_C_LANGUAGE_STANDARD = gnu99;
				GCC_NO_COMMON_BLOCKS = YES;
				GCC_WARN_64_TO_32_BIT_CONVERSION = YES;
				GCC_WARN_ABOUT_RETURN_TYPE = YES_ERROR;
				GCC_WARN_UNDECLARED_SELECTOR = YES;
				GCC_WARN_UNINITIALIZED_AUTOS = YES_AGGRESSIVE;
				GCC_WARN_UNUSED_FUNCTION = YES;
				GCC_WARN_UNUSED_VARIABLE = YES;
				IPHONEOS_DEPLOYMENT_TARGET = 10.3;
				MTL_ENABLE_DEBUG_INFO = NO;
				SDKROOT = iphoneos;
				SWIFT_OPTIMIZATION_LEVEL = "-Owholemodule";
				VALIDATE_PRODUCT = YES;
			};
			name = Release;
		};
		322F5AC81EEF8D1000E94033 /* Debug */ = {
			isa = XCBuildConfiguration;
			buildSettings = {
				ASSETCATALOG_COMPILER_APPICON_NAME = AppIcon;
				DEVELOPMENT_TEAM = VLYBQY25EM;
				INFOPLIST_FILE = TweetleDumb/Info.plist;
				LD_RUNPATH_SEARCH_PATHS = "$(inherited) @executable_path/Frameworks";
				PRODUCT_BUNDLE_IDENTIFIER = com.mustard.TweetleDumb;
				PRODUCT_NAME = "$(TARGET_NAME)";
				SWIFT_VERSION = 3.0;
			};
			name = Debug;
		};
		322F5AC91EEF8D1000E94033 /* Release */ = {
			isa = XCBuildConfiguration;
			buildSettings = {
				ASSETCATALOG_COMPILER_APPICON_NAME = AppIcon;
				DEVELOPMENT_TEAM = VLYBQY25EM;
				INFOPLIST_FILE = TweetleDumb/Info.plist;
				LD_RUNPATH_SEARCH_PATHS = "$(inherited) @executable_path/Frameworks";
				PRODUCT_BUNDLE_IDENTIFIER = com.mustard.TweetleDumb;
				PRODUCT_NAME = "$(TARGET_NAME)";
				SWIFT_VERSION = 3.0;
			};
			name = Release;
		};
		322F5ACB1EEF8D1000E94033 /* Debug */ = {
			isa = XCBuildConfiguration;
			buildSettings = {
				ALWAYS_EMBED_SWIFT_STANDARD_LIBRARIES = YES;
				BUNDLE_LOADER = "$(TEST_HOST)";
				DEVELOPMENT_TEAM = VLYBQY25EM;
				INFOPLIST_FILE = TweetleDumbTests/Info.plist;
				LD_RUNPATH_SEARCH_PATHS = "$(inherited) @executable_path/Frameworks @loader_path/Frameworks";
				PRODUCT_BUNDLE_IDENTIFIER = com.mustard.TweetleDumbTests;
				PRODUCT_NAME = "$(TARGET_NAME)";
				SWIFT_VERSION = 3.0;
				TEST_HOST = "$(BUILT_PRODUCTS_DIR)/TweetleDumb.app/TweetleDumb";
			};
			name = Debug;
		};
		322F5ACC1EEF8D1000E94033 /* Release */ = {
			isa = XCBuildConfiguration;
			buildSettings = {
				ALWAYS_EMBED_SWIFT_STANDARD_LIBRARIES = YES;
				BUNDLE_LOADER = "$(TEST_HOST)";
				DEVELOPMENT_TEAM = VLYBQY25EM;
				INFOPLIST_FILE = TweetleDumbTests/Info.plist;
				LD_RUNPATH_SEARCH_PATHS = "$(inherited) @executable_path/Frameworks @loader_path/Frameworks";
				PRODUCT_BUNDLE_IDENTIFIER = com.mustard.TweetleDumbTests;
				PRODUCT_NAME = "$(TARGET_NAME)";
				SWIFT_VERSION = 3.0;
				TEST_HOST = "$(BUILT_PRODUCTS_DIR)/TweetleDumb.app/TweetleDumb";
			};
			name = Release;
		};
/* End XCBuildConfiguration section */

/* Begin XCConfigurationList section */
		322F5AA51EEF8D1000E94033 /* Build configuration list for PBXProject "TweetleDumb" */ = {
			isa = XCConfigurationList;
			buildConfigurations = (
				322F5AC51EEF8D1000E94033 /* Debug */,
				322F5AC61EEF8D1000E94033 /* Release */,
			);
			defaultConfigurationIsVisible = 0;
			defaultConfigurationName = Release;
		};
		322F5AC71EEF8D1000E94033 /* Build configuration list for PBXNativeTarget "TweetleDumb" */ = {
			isa = XCConfigurationList;
			buildConfigurations = (
				322F5AC81EEF8D1000E94033 /* Debug */,
				322F5AC91EEF8D1000E94033 /* Release */,
			);
			defaultConfigurationIsVisible = 0;
			defaultConfigurationName = Release;
		};
		322F5ACA1EEF8D1000E94033 /* Build configuration list for PBXNativeTarget "TweetleDumbTests" */ = {
			isa = XCConfigurationList;
			buildConfigurations = (
				322F5ACB1EEF8D1000E94033 /* Debug */,
				322F5ACC1EEF8D1000E94033 /* Release */,
			);
			defaultConfigurationIsVisible = 0;
			defaultConfigurationName = Release;
		};
/* End XCConfigurationList section */
	};
	rootObject = 322F5AA21EEF8D1000E94033 /* Project object */;
}
